
Microsoft Visual Studio Solution File, Format Version 12.00
# Visual Studio Version 17
VisualStudioVersion = 17.0.31912.275
MinimumVisualStudioVersion = 10.0.40219.1
Project("{9A19103F-16F7-4668-BE54-9A1E7A4F7556}") = "DurableFunctionsTricks", "DurableFunctionsTricks\DurableFunctionsTricks.csproj", "{78081420-D832-40BC-9E28-73CC0A7AA068}"
EndProject
Global
	GlobalSection(SolutionConfigurationPlatforms) = preSolution
		Debug|Any CPU = Debug|Any CPU
		Release|Any CPU = Release|Any CPU
	EndGlobalSection
	GlobalSection(ProjectConfigurationPlatforms) = postSolution
		{78081420-D832-40BC-9E28-73CC0A7AA068}.Debug|Any CPU.ActiveCfg = Debug|Any CPU
		{78081420-D832-40BC-9E28-73CC0A7AA068}.Debug|Any CPU.Build.0 = Debug|Any CPU
		{78081420-D832-40BC-9E28-73CC0A7AA068}.Release|Any CPU.ActiveCfg = Release|Any CPU
		{78081420-D832-40BC-9E28-73CC0A7AA068}.Release|Any CPU.Build.0 = Release|Any CPU
	EndGlobalSection
	GlobalSection(SolutionProperties) = preSolution
		HideSolutionNode = FALSE
	EndGlobalSection
	GlobalSection(ExtensibilityGlobals) = postSolution
		SolutionGuid = {FC03F0D8-DB33-406C-A333-D51780AB0E8B}
	EndGlobalSection
EndGlobal
